
Microsoft Visual Studio Solution File, Format Version 12.00
# Visual Studio Version 17
VisualStudioVersion = 17.13.35825.156 d17.13
MinimumVisualStudioVersion = 10.0.40219.1
Project("{FAE04EC0-301F-11D3-BF4B-00C04F79EFBC}") = "tpmodul5_103022300093", "tpmodul5_103022300093\tpmodul5_103022300093.csproj", "{115CA1A8-9C5A-4C97-92B3-DEC9ECD95BF1}"
EndProject
Global
	GlobalSection(SolutionConfigurationPlatforms) = preSolution
		Debug|Any CPU = Debug|Any CPU
		Release|Any CPU = Release|Any CPU
	EndGlobalSection
	GlobalSection(ProjectConfigurationPlatforms) = postSolution
		{115CA1A8-9C5A-4C97-92B3-DEC9ECD95BF1}.Debug|Any CPU.ActiveCfg = Debug|Any CPU
		{115CA1A8-9C5A-4C97-92B3-DEC9ECD95BF1}.Debug|Any CPU.Build.0 = Debug|Any CPU
		{115CA1A8-9C5A-4C97-92B3-DEC9ECD95BF1}.Release|Any CPU.ActiveCfg = Release|Any CPU
		{115CA1A8-9C5A-4C97-92B3-DEC9ECD95BF1}.Release|Any CPU.Build.0 = Release|Any CPU
	EndGlobalSection
	GlobalSection(SolutionProperties) = preSolution
		HideSolutionNode = FALSE
	EndGlobalSection
	GlobalSection(ExtensibilityGlobals) = postSolution
		SolutionGuid = {65342096-D8EF-491A-BCF6-B11AB2794C77}
	EndGlobalSection
EndGlobal
